// !$*UTF8*$!
{
	archiveVersion = 1;
	classes = {
	};
	objectVersion = 46;
	objects = {

/* Begin PBXBuildFile section */
		F212A30C1CC019FD001C740A /* AppDelegate.swift in Sources */ = {isa = PBXBuildFile; fileRef = F212A30B1CC019FD001C740A /* AppDelegate.swift */; };
		F212A30E1CC019FD001C740A /* ViewController.swift in Sources */ = {isa = PBXBuildFile; fileRef = F212A30D1CC019FD001C740A /* ViewController.swift */; };
		F212A3111CC019FD001C740A /* Main.storyboard in Resources */ = {isa = PBXBuildFile; fileRef = F212A30F1CC019FD001C740A /* Main.storyboard */; };
		F212A3141CC019FD001C740A /* LoggingSample.xcdatamodeld in Sources */ = {isa = PBXBuildFile; fileRef = F212A3121CC019FD001C740A /* LoggingSample.xcdatamodeld */; };
		F212A3161CC019FD001C740A /* Assets.xcassets in Resources */ = {isa = PBXBuildFile; fileRef = F212A3151CC019FD001C740A /* Assets.xcassets */; };
		F212A3191CC019FD001C740A /* LaunchScreen.storyboard in Resources */ = {isa = PBXBuildFile; fileRef = F212A3171CC019FD001C740A /* LaunchScreen.storyboard */; };
		F212A3271CC01A6B001C740A /* Log.swift in Sources */ = {isa = PBXBuildFile; fileRef = F212A3211CC01A6B001C740A /* Log.swift */; };
		F212A3281CC01A6B001C740A /* LoggingSample.xcdatamodeld in Sources */ = {isa = PBXBuildFile; fileRef = F212A3221CC01A6B001C740A /* LoggingSample.xcdatamodeld */; };
		F212A3291CC01A6B001C740A /* LogService.swift in Sources */ = {isa = PBXBuildFile; fileRef = F212A3241CC01A6B001C740A /* LogService.swift */; };
		F212A32A1CC01A6B001C740A /* MainTableViewController.swift in Sources */ = {isa = PBXBuildFile; fileRef = F212A3251CC01A6B001C740A /* MainTableViewController.swift */; };
		F212A32B1CC01A6B001C740A /* SecondTableViewController.swift in Sources */ = {isa = PBXBuildFile; fileRef = F212A3261CC01A6B001C740A /* SecondTableViewController.swift */; };
/* End PBXBuildFile section */

/* Begin PBXFileReference section */
		F212A3081CC019FD001C740A /* LoggingSample.app */ = {isa = PBXFileReference; explicitFileType = wrapper.application; includeInIndex = 0; path = LoggingSample.app; sourceTree = BUILT_PRODUCTS_DIR; };
		F212A30B1CC019FD001C740A /* AppDelegate.swift */ = {isa = PBXFileReference; lastKnownFileType = sourcecode.swift; path = AppDelegate.swift; sourceTree = "<group>"; };
		F212A30D1CC019FD001C740A /* ViewController.swift */ = {isa = PBXFileReference; lastKnownFileType = sourcecode.swift; path = ViewController.swift; sourceTree = "<group>"; };
		F212A3101CC019FD001C740A /* Base */ = {isa = PBXFileReference; lastKnownFileType = file.storyboard; name = Base; path = Base.lproj/Main.storyboard; sourceTree = "<group>"; };
		F212A3131CC019FD001C740A /* LoggingSample.xcdatamodel */ = {isa = PBXFileReference; lastKnownFileType = wrapper.xcdatamodel; path = LoggingSample.xcdatamodel; sourceTree = "<group>"; };
		F212A3151CC019FD001C740A /* Assets.xcassets */ = {isa = PBXFileReference; lastKnownFileType = folder.assetcatalog; path = Assets.xcassets; sourceTree = "<group>"; };
		F212A3181CC019FD001C740A /* Base */ = {isa = PBXFileReference; lastKnownFileType = file.storyboard; name = Base; path = Base.lproj/LaunchScreen.storyboard; sourceTree = "<group>"; };
		F212A31A1CC019FD001C740A /* Info.plist */ = {isa = PBXFileReference; lastKnownFileType = text.plist.xml; path = Info.plist; sourceTree = "<group>"; };
		F212A3211CC01A6B001C740A /* Log.swift */ = {isa = PBXFileReference; fileEncoding = 4; lastKnownFileType = sourcecode.swift; path = Log.swift; sourceTree = "<group>"; };
		F212A3231CC01A6B001C740A /* LoggingSample.xcdatamodel */ = {isa = PBXFileReference; lastKnownFileType = wrapper.xcdatamodel; path = LoggingSample.xcdatamodel; sourceTree = "<group>"; };
		F212A3241CC01A6B001C740A /* LogService.swift */ = {isa = PBXFileReference; fileEncoding = 4; lastKnownFileType = sourcecode.swift; path = LogService.swift; sourceTree = "<group>"; };
		F212A3251CC01A6B001C740A /* MainTableViewController.swift */ = {isa = PBXFileReference; fileEncoding = 4; lastKnownFileType = sourcecode.swift; path = MainTableViewController.swift; sourceTree = "<group>"; };
		F212A3261CC01A6B001C740A /* SecondTableViewController.swift */ = {isa = PBXFileReference; fileEncoding = 4; lastKnownFileType = sourcecode.swift; path = SecondTableViewController.swift; sourceTree = "<group>"; };
/* End PBXFileReference section */

/* Begin PBXFrameworksBuildPhase section */
		F212A3051CC019FD001C740A /* Frameworks */ = {
			isa = PBXFrameworksBuildPhase;
			buildActionMask = 2147483647;
			files = (
			);
			runOnlyForDeploymentPostprocessing = 0;
		};
/* End PBXFrameworksBuildPhase section */

/* Begin PBXGroup section */
		F212A2FF1CC019FD001C740A = {
			isa = PBXGroup;
			children = (
				F212A30A1CC019FD001C740A /* LoggingSample */,
				F212A3091CC019FD001C740A /* Products */,
			);
			sourceTree = "<group>";
		};
		F212A3091CC019FD001C740A /* Products */ = {
			isa = PBXGroup;
			children = (
				F212A3081CC019FD001C740A /* LoggingSample.app */,
			);
			name = Products;
			sourceTree = "<group>";
		};
		F212A30A1CC019FD001C740A /* LoggingSample */ = {
			isa = PBXGroup;
			children = (
				F212A3221CC01A6B001C740A /* LoggingSample.xcdatamodeld */,
				F212A3251CC01A6B001C740A /* MainTableViewController.swift */,
				F212A3261CC01A6B001C740A /* SecondTableViewController.swift */,
				F212A3201CC01A3D001C740A /* Logging */,
				F212A30B1CC019FD001C740A /* AppDelegate.swift */,
				F212A30D1CC019FD001C740A /* ViewController.swift */,
				F212A30F1CC019FD001C740A /* Main.storyboard */,
				F212A3151CC019FD001C740A /* Assets.xcassets */,
				F212A3171CC019FD001C740A /* LaunchScreen.storyboard */,
				F212A31A1CC019FD001C740A /* Info.plist */,
				F212A3121CC019FD001C740A /* LoggingSample.xcdatamodeld */,
			);
			path = LoggingSample;
			sourceTree = "<group>";
		};
		F212A3201CC01A3D001C740A /* Logging */ = {
			isa = PBXGroup;
			children = (
				F212A3211CC01A6B001C740A /* Log.swift */,
				F212A3241CC01A6B001C740A /* LogService.swift */,
			);
			name = Logging;
			sourceTree = "<group>";
		};
/* End PBXGroup section */

/* Begin PBXNativeTarget section */
		F212A3071CC019FD001C740A /* LoggingSample */ = {
			isa = PBXNativeTarget;
			buildConfigurationList = F212A31D1CC019FD001C740A /* Build configuration list for PBXNativeTarget "LoggingSample" */;
			buildPhases = (
				F212A3041CC019FD001C740A /* Sources */,
				F212A3051CC019FD001C740A /* Frameworks */,
				F212A3061CC019FD001C740A /* Resources */,
			);
			buildRules = (
			);
			dependencies = (
			);
			name = LoggingSample;
			productName = LoggingSample;
			productReference = F212A3081CC019FD001C740A /* LoggingSample.app */;
			productType = "com.apple.product-type.application";
		};
/* End PBXNativeTarget section */

/* Begin PBXProject section */
		F212A3001CC019FD001C740A /* Project object */ = {
			isa = PBXProject;
			attributes = {
				LastSwiftUpdateCheck = 0730;
				LastUpgradeCheck = 0730;
				ORGANIZATIONNAME = "Rakibul Islam";
				TargetAttributes = {
					F212A3071CC019FD001C740A = {
						CreatedOnToolsVersion = 7.3;
					};
				};
			};
			buildConfigurationList = F212A3031CC019FD001C740A /* Build configuration list for PBXProject "LoggingSample" */;
			compatibilityVersion = "Xcode 3.2";
			developmentRegion = English;
			hasScannedForEncodings = 0;
			knownRegions = (
				en,
				Base,
			);
			mainGroup = F212A2FF1CC019FD001C740A;
			productRefGroup = F212A3091CC019FD001C740A /* Products */;
			projectDirPath = "";
			projectRoot = "";
			targets = (
				F212A3071CC019FD001C740A /* LoggingSample */,
			);
		};
/* End PBXProject section */

/* Begin PBXResourcesBuildPhase section */
		F212A3061CC019FD001C740A /* Resources */ = {
			isa = PBXResourcesBuildPhase;
			buildActionMask = 2147483647;
			files = (
				F212A3191CC019FD001C740A /* LaunchScreen.storyboard in Resources */,
				F212A3161CC019FD001C740A /* Assets.xcassets in Resources */,
				F212A3111CC019FD001C740A /* Main.storyboard in Resources */,
			);
			runOnlyForDeploymentPostprocessing = 0;
		};
/* End PBXResourcesBuildPhase section */

/* Begin PBXSourcesBuildPhase section */
		F212A3041CC019FD001C740A /* Sources */ = {
			isa = PBXSourcesBuildPhase;
			buildActionMask = 2147483647;
			files = (
				F212A3141CC019FD001C740A /* LoggingSample.xcdatamodeld in Sources */,
				F212A3281CC01A6B001C740A /* LoggingSample.xcdatamodeld in Sources */,
				F212A30E1CC019FD001C740A /* ViewController.swift in Sources */,
				F212A3271CC01A6B001C740A /* Log.swift in Sources */,
				F212A3291CC01A6B001C740A /* LogService.swift in Sources */,
				F212A32B1CC01A6B001C740A /* SecondTableViewController.swift in Sources */,
				F212A30C1CC019FD001C740A /* AppDelegate.swift in Sources */,
				F212A32A1CC01A6B001C740A /* MainTableViewController.swift in Sources */,
			);
			runOnlyForDeploymentPostprocessing = 0;
		};
/* End PBXSourcesBuildPhase section */

/* Begin PBXVariantGroup section */
		F212A30F1CC019FD001C740A /* Main.storyboard */ = {
			isa = PBXVariantGroup;
			children = (
				F212A3101CC019FD001C740A /* Base */,
			);
			name = Main.storyboard;
			sourceTree = "<group>";
		};
		F212A3171CC019FD001C740A /* LaunchScreen.storyboard */ = {
			isa = PBXVariantGroup;
			children = (
				F212A3181CC019FD001C740A /* Base */,
			);
			name = LaunchScreen.storyboard;
			sourceTree = "<group>";
		};
/* End PBXVariantGroup section */

/* Begin XCBuildConfiguration section */
		F212A31B1CC019FD001C740A /* Debug */ = {
			isa = XCBuildConfiguration;
			buildSettings = {
				ALWAYS_SEARCH_USER_PATHS = NO;
				CLANG_ANALYZER_NONNULL = YES;
				CLANG_CXX_LANGUAGE_STANDARD = "gnu++0x";
				CLANG_CXX_LIBRARY = "libc++";
				CLANG_ENABLE_MODULES = YES;
				CLANG_ENABLE_OBJC_ARC = YES;
				CLANG_WARN_BOOL_CONVERSION = YES;
				CLANG_WARN_CONSTANT_CONVERSION = YES;
				CLANG_WARN_DIRECT_OBJC_ISA_USAGE = YES_ERROR;
				CLANG_WARN_EMPTY_BODY = YES;
				CLANG_WARN_ENUM_CONVERSION = YES;
				CLANG_WARN_INT_CONVERSION = YES;
				CLANG_WARN_OBJC_ROOT_CLASS = YES_ERROR;
				CLANG_WARN_UNREACHABLE_CODE = YES;
				CLANG_WARN__DUPLICATE_METHOD_MATCH = YES;
				"CODE_SIGN_IDENTITY[sdk=iphoneos*]" = "iPhone Developer";
				COPY_PHASE_STRIP = NO;
				DEBUG_INFORMATION_FORMAT = dwarf;
				ENABLE_STRICT_OBJC_MSGSEND = YES;
				ENABLE_TESTABILITY = YES;
				GCC_C_LANGUAGE_STANDARD = gnu99;
				GCC_DYNAMIC_NO_PIC = NO;
				GCC_NO_COMMON_BLOCKS = YES;
				GCC_OPTIMIZATION_LEVEL = 0;
				GCC_PREPROCESSOR_DEFINITIONS = (
					"DEBUG=1",
					"$(inherited)",
				);
				GCC_WARN_64_TO_32_BIT_CONVERSION = YES;
				GCC_WARN_ABOUT_RETURN_TYPE = YES_ERROR;
				GCC_WARN_UNDECLARED_SELECTOR = YES;
				GCC_WARN_UNINITIALIZED_AUTOS = YES_AGGRESSIVE;
				GCC_WARN_UNUSED_FUNCTION = YES;
				GCC_WARN_UNUSED_VARIABLE = YES;
				IPHONEOS_DEPLOYMENT_TARGET = 9.3;
				MTL_ENABLE_DEBUG_INFO = YES;
				ONLY_ACTIVE_ARCH = YES;
				SDKROOT = iphoneos;
				SWIFT_OPTIMIZATION_LEVEL = "-Onone";
				TARGETED_DEVICE_FAMILY = "1,2";
			};
			name = Debug;
		};
		F212A31C1CC019FD001C740A /* Release */ = {
			isa = XCBuildConfiguration;
			buildSettings = {
				ALWAYS_SEARCH_USER_PATHS = NO;
				CLANG_ANALYZER_NONNULL = YES;
				CLANG_CXX_LANGUAGE_STANDARD = "gnu++0x";
				CLANG_CXX_LIBRARY = "libc++";
				CLANG_ENABLE_MODULES = YES;
				CLANG_ENABLE_OBJC_ARC = YES;
				CLANG_WARN_BOOL_CONVERSION = YES;
				CLANG_WARN_CONSTANT_CONVERSION = YES;
				CLANG_WARN_DIRECT_OBJC_ISA_USAGE = YES_ERROR;
				CLANG_WARN_EMPTY_BODY = YES;
				CLANG_WARN_ENUM_CONVERSION = YES;
				CLANG_WARN_INT_CONVERSION = YES;
				CLANG_WARN_OBJC_ROOT_CLASS = YES_ERROR;
				CLANG_WARN_UNREACHABLE_CODE = YES;
				CLANG_WARN__DUPLICATE_METHOD_MATCH = YES;
				"CODE_SIGN_IDENTITY[sdk=iphoneos*]" = "iPhone Developer";
				COPY_PHASE_STRIP = NO;
				DEBUG_INFORMATION_FORMAT = "dwarf-with-dsym";
				ENABLE_NS_ASSERTIONS = NO;
				ENABLE_STRICT_OBJC_MSGSEND = YES;
				GCC_C_LANGUAGE_STANDARD = gnu99;
				GCC_NO_COMMON_BLOCKS = YES;
				GCC_WARN_64_TO_32_BIT_CONVERSION = YES;
				GCC_WARN_ABOUT_RETURN_TYPE = YES_ERROR;
				GCC_WARN_UNDECLARED_SELECTOR = YES;
				GCC_WARN_UNINITIALIZED_AUTOS = YES_AGGRESSIVE;
				GCC_WARN_UNUSED_FUNCTION = YES;
				GCC_WARN_UNUSED_VARIABLE = YES;
				IPHONEOS_DEPLOYMENT_TARGET = 9.3;
				MTL_ENABLE_DEBUG_INFO = NO;
				SDKROOT = iphoneos;
				TARGETED_DEVICE_FAMILY = "1,2";
				VALIDATE_PRODUCT = YES;
			};
			name = Release;
		};
		F212A31E1CC019FD001C740A /* Debug */ = {
			isa = XCBuildConfiguration;
			buildSettings = {
				ASSETCATALOG_COMPILER_APPICON_NAME = AppIcon;
				INFOPLIST_FILE = LoggingSample/Info.plist;
				LD_RUNPATH_SEARCH_PATHS = "$(inherited) @executable_path/Frameworks";
				PRODUCT_BUNDLE_IDENTIFIER = com.rakibulislam.LoggingSample;
				PRODUCT_NAME = "$(TARGET_NAME)";
			};
			name = Debug;
		};
		F212A31F1CC019FD001C740A /* Release */ = {
			isa = XCBuildConfiguration;
			buildSettings = {
				ASSETCATALOG_COMPILER_APPICON_NAME = AppIcon;
				INFOPLIST_FILE = LoggingSample/Info.plist;
				LD_RUNPATH_SEARCH_PATHS = "$(inherited) @executable_path/Frameworks";
				PRODUCT_BUNDLE_IDENTIFIER = com.rakibulislam.LoggingSample;
				PRODUCT_NAME = "$(TARGET_NAME)";
			};
			name = Release;
		};
/* End XCBuildConfiguration section */

/* Begin XCConfigurationList section */
		F212A3031CC019FD001C740A /* Build configuration list for PBXProject "LoggingSample" */ = {
			isa = XCConfigurationList;
			buildConfigurations = (
				F212A31B1CC019FD001C740A /* Debug */,
				F212A31C1CC019FD001C740A /* Release */,
			);
			defaultConfigurationIsVisible = 0;
			defaultConfigurationName = Release;
		};
		F212A31D1CC019FD001C740A /* Build configuration list for PBXNativeTarget "LoggingSample" */ = {
			isa = XCConfigurationList;
			buildConfigurations = (
				F212A31E1CC019FD001C740A /* Debug */,
				F212A31F1CC019FD001C740A /* Release */,
			);
			defaultConfigurationIsVisible = 0;
		};
/* End XCConfigurationList section */

/* Begin XCVersionGroup section */
		F212A3121CC019FD001C740A /* LoggingSample.xcdatamodeld */ = {
			isa = XCVersionGroup;
			children = (
				F212A3131CC019FD001C740A /* LoggingSample.xcdatamodel */,
			);
			currentVersion = F212A3131CC019FD001C740A /* LoggingSample.xcdatamodel */;
			path = LoggingSample.xcdatamodeld;
			sourceTree = "<group>";
			versionGroupType = wrapper.xcdatamodel;
		};
		F212A3221CC01A6B001C740A /* LoggingSample.xcdatamodeld */ = {
			isa = XCVersionGroup;
			children = (
				F212A3231CC01A6B001C740A /* LoggingSample.xcdatamodel */,
			);
			currentVersion = F212A3231CC01A6B001C740A /* LoggingSample.xcdatamodel */;
			path = LoggingSample.xcdatamodeld;
			sourceTree = "<group>";
			versionGroupType = wrapper.xcdatamodel;
		};
/* End XCVersionGroup section */
	};
	rootObject = F212A3001CC019FD001C740A /* Project object */;
}
